// !$*UTF8*$!
{
	archiveVersion = 1;
	classes = {
	};
	objectVersion = 50;
	objects = {

/* Begin PBXBuildFile section */
		75454A6D221D9C4000099DAC /* DefinitionViewController.swift in Sources */ = {isa = PBXBuildFile; fileRef = 75454A6C221D9C4000099DAC /* DefinitionViewController.swift */; };
		756E4D7122088815009F3346 /* tessdata in Resources */ = {isa = PBXBuildFile; fileRef = 756E4D7022088815009F3346 /* tessdata */; };
		756E4D73220888DF009F3346 /* libz.tbd in Frameworks */ = {isa = PBXBuildFile; fileRef = 756E4D72220888DF009F3346 /* libz.tbd */; };
		756E4D75220888FE009F3346 /* CoreImage.framework in Frameworks */ = {isa = PBXBuildFile; fileRef = 756E4D74220888FE009F3346 /* CoreImage.framework */; };
		756E4D772208891C009F3346 /* TesseractOCR.framework in Frameworks */ = {isa = PBXBuildFile; fileRef = 756E4D762208891C009F3346 /* TesseractOCR.framework */; };
		756E4D7922088AC7009F3346 /* vrkIj.png in Resources */ = {isa = PBXBuildFile; fileRef = 756E4D7822088AC7009F3346 /* vrkIj.png */; };
		756E4D7B2211C396009F3346 /* WebScrapper.swift in Sources */ = {isa = PBXBuildFile; fileRef = 756E4D7A2211C396009F3346 /* WebScrapper.swift */; };
		756E4D7D2211CE17009F3346 /* ScanDictionary.bundle.js in Resources */ = {isa = PBXBuildFile; fileRef = 756E4D7C2211CE17009F3346 /* ScanDictionary.bundle.js */; };
		759008C12249CAE0008BB244 /* Camera.swift in Sources */ = {isa = PBXBuildFile; fileRef = 759008C02249CAE0008BB244 /* Camera.swift */; };
		759008C32249CD81008BB244 /* ScopeView.swift in Sources */ = {isa = PBXBuildFile; fileRef = 759008C22249CD81008BB244 /* ScopeView.swift */; };
		759008C6224A8E37008BB244 /* CameraPreview.swift in Sources */ = {isa = PBXBuildFile; fileRef = 759008C5224A8E37008BB244 /* CameraPreview.swift */; };
		759008CA224AB6E4008BB244 /* TakePhotoViewController.swift in Sources */ = {isa = PBXBuildFile; fileRef = 759008C9224AB6E4008BB244 /* TakePhotoViewController.swift */; };
		759008CE224BB1DD008BB244 /* ProgressView.swift in Sources */ = {isa = PBXBuildFile; fileRef = 759008CD224BB1DD008BB244 /* ProgressView.swift */; };
		75978C6B220885EC007DA3F2 /* AppDelegate.swift in Sources */ = {isa = PBXBuildFile; fileRef = 75978C6A220885EC007DA3F2 /* AppDelegate.swift */; };
		75978C6D220885EC007DA3F2 /* ViewController.swift in Sources */ = {isa = PBXBuildFile; fileRef = 75978C6C220885EC007DA3F2 /* ViewController.swift */; };
		75978C70220885EC007DA3F2 /* Main.storyboard in Resources */ = {isa = PBXBuildFile; fileRef = 75978C6E220885EC007DA3F2 /* Main.storyboard */; };
		75978C72220885ED007DA3F2 /* Assets.xcassets in Resources */ = {isa = PBXBuildFile; fileRef = 75978C71220885ED007DA3F2 /* Assets.xcassets */; };
		75978C75220885ED007DA3F2 /* LaunchScreen.storyboard in Resources */ = {isa = PBXBuildFile; fileRef = 75978C73220885ED007DA3F2 /* LaunchScreen.storyboard */; };
		8A485F9172686BE790401E89 /* Pods_ScanDictionary.framework in Frameworks */ = {isa = PBXBuildFile; fileRef = D52EF104DF1E05C097106C82 /* Pods_ScanDictionary.framework */; };
/* End PBXBuildFile section */

/* Begin PBXFileReference section */
		4DF3FAD9CF6B1604F727346C /* Pods-ScanDictionary.release.xcconfig */ = {isa = PBXFileReference; includeInIndex = 1; lastKnownFileType = text.xcconfig; name = "Pods-ScanDictionary.release.xcconfig"; path = "Target Support Files/Pods-ScanDictionary/Pods-ScanDictionary.release.xcconfig"; sourceTree = "<group>"; };
		75454A6C221D9C4000099DAC /* DefinitionViewController.swift */ = {isa = PBXFileReference; lastKnownFileType = sourcecode.swift; path = DefinitionViewController.swift; sourceTree = "<group>"; };
		756E4D7022088815009F3346 /* tessdata */ = {isa = PBXFileReference; lastKnownFileType = folder; path = tessdata; sourceTree = "<group>"; };
		756E4D72220888DF009F3346 /* libz.tbd */ = {isa = PBXFileReference; lastKnownFileType = "sourcecode.text-based-dylib-definition"; name = libz.tbd; path = usr/lib/libz.tbd; sourceTree = SDKROOT; };
		756E4D74220888FE009F3346 /* CoreImage.framework */ = {isa = PBXFileReference; lastKnownFileType = wrapper.framework; name = CoreImage.framework; path = System/Library/Frameworks/CoreImage.framework; sourceTree = SDKROOT; };
		756E4D762208891C009F3346 /* TesseractOCR.framework */ = {isa = PBXFileReference; explicitFileType = wrapper.framework; path = TesseractOCR.framework; sourceTree = BUILT_PRODUCTS_DIR; };
		756E4D7822088AC7009F3346 /* vrkIj.png */ = {isa = PBXFileReference; lastKnownFileType = image.png; path = vrkIj.png; sourceTree = "<group>"; };
		756E4D7A2211C396009F3346 /* WebScrapper.swift */ = {isa = PBXFileReference; lastKnownFileType = sourcecode.swift; path = WebScrapper.swift; sourceTree = "<group>"; };
		756E4D7C2211CE17009F3346 /* ScanDictionary.bundle.js */ = {isa = PBXFileReference; fileEncoding = 4; lastKnownFileType = sourcecode.javascript; name = ScanDictionary.bundle.js; path = JS/dist/ScanDictionary.bundle.js; sourceTree = SOURCE_ROOT; };
		759008C02249CAE0008BB244 /* Camera.swift */ = {isa = PBXFileReference; lastKnownFileType = sourcecode.swift; path = Camera.swift; sourceTree = "<group>"; };
		759008C22249CD81008BB244 /* ScopeView.swift */ = {isa = PBXFileReference; lastKnownFileType = sourcecode.swift; path = ScopeView.swift; sourceTree = "<group>"; };
		759008C5224A8E37008BB244 /* CameraPreview.swift */ = {isa = PBXFileReference; lastKnownFileType = sourcecode.swift; path = CameraPreview.swift; sourceTree = "<group>"; };
		759008C9224AB6E4008BB244 /* TakePhotoViewController.swift */ = {isa = PBXFileReference; lastKnownFileType = sourcecode.swift; path = TakePhotoViewController.swift; sourceTree = "<group>"; };
		759008CD224BB1DD008BB244 /* ProgressView.swift */ = {isa = PBXFileReference; lastKnownFileType = sourcecode.swift; path = ProgressView.swift; sourceTree = "<group>"; };
		75978C67220885EC007DA3F2 /* ScanDictionary.app */ = {isa = PBXFileReference; explicitFileType = wrapper.application; includeInIndex = 0; path = ScanDictionary.app; sourceTree = BUILT_PRODUCTS_DIR; };
		75978C6A220885EC007DA3F2 /* AppDelegate.swift */ = {isa = PBXFileReference; lastKnownFileType = sourcecode.swift; path = AppDelegate.swift; sourceTree = "<group>"; };
		75978C6C220885EC007DA3F2 /* ViewController.swift */ = {isa = PBXFileReference; lastKnownFileType = sourcecode.swift; path = ViewController.swift; sourceTree = "<group>"; };
		75978C6F220885EC007DA3F2 /* Base */ = {isa = PBXFileReference; lastKnownFileType = file.storyboard; name = Base; path = Base.lproj/Main.storyboard; sourceTree = "<group>"; };
		75978C71220885ED007DA3F2 /* Assets.xcassets */ = {isa = PBXFileReference; lastKnownFileType = folder.assetcatalog; path = Assets.xcassets; sourceTree = "<group>"; };
		75978C74220885ED007DA3F2 /* Base */ = {isa = PBXFileReference; lastKnownFileType = file.storyboard; name = Base; path = Base.lproj/LaunchScreen.storyboard; sourceTree = "<group>"; };
		75978C76220885ED007DA3F2 /* Info.plist */ = {isa = PBXFileReference; lastKnownFileType = text.plist.xml; path = Info.plist; sourceTree = "<group>"; };
		C7E172CE425B7F2555087F8A /* Pods-ScanDictionary.debug.xcconfig */ = {isa = PBXFileReference; includeInIndex = 1; lastKnownFileType = text.xcconfig; name = "Pods-ScanDictionary.debug.xcconfig"; path = "Target Support Files/Pods-ScanDictionary/Pods-ScanDictionary.debug.xcconfig"; sourceTree = "<group>"; };
		D52EF104DF1E05C097106C82 /* Pods_ScanDictionary.framework */ = {isa = PBXFileReference; explicitFileType = wrapper.framework; includeInIndex = 0; path = Pods_ScanDictionary.framework; sourceTree = BUILT_PRODUCTS_DIR; };
/* End PBXFileReference section */

/* Begin PBXFrameworksBuildPhase section */
		75978C64220885EC007DA3F2 /* Frameworks */ = {
			isa = PBXFrameworksBuildPhase;
			buildActionMask = 2147483647;
			files = (
				756E4D772208891C009F3346 /* TesseractOCR.framework in Frameworks */,
				756E4D75220888FE009F3346 /* CoreImage.framework in Frameworks */,
				756E4D73220888DF009F3346 /* libz.tbd in Frameworks */,
				8A485F9172686BE790401E89 /* Pods_ScanDictionary.framework in Frameworks */,
			);
			runOnlyForDeploymentPostprocessing = 0;
		};
/* End PBXFrameworksBuildPhase section */

/* Begin PBXGroup section */
		2A4CA4B7CF6368CE7307B80B /* Pods */ = {
			isa = PBXGroup;
			children = (
				C7E172CE425B7F2555087F8A /* Pods-ScanDictionary.debug.xcconfig */,
				4DF3FAD9CF6B1604F727346C /* Pods-ScanDictionary.release.xcconfig */,
			);
			path = Pods;
			sourceTree = "<group>";
		};
		3BBAE996434C1ED3FEEF4A4E /* Frameworks */ = {
			isa = PBXGroup;
			children = (
				756E4D762208891C009F3346 /* TesseractOCR.framework */,
				756E4D74220888FE009F3346 /* CoreImage.framework */,
				756E4D72220888DF009F3346 /* libz.tbd */,
				D52EF104DF1E05C097106C82 /* Pods_ScanDictionary.framework */,
			);
			name = Frameworks;
			sourceTree = "<group>";
		};
		759008C4224A8DF8008BB244 /* Views */ = {
			isa = PBXGroup;
			children = (
				759008C22249CD81008BB244 /* ScopeView.swift */,
				759008C5224A8E37008BB244 /* CameraPreview.swift */,
				759008CD224BB1DD008BB244 /* ProgressView.swift */,
			);
			path = Views;
			sourceTree = "<group>";
		};
		75978C5E220885EC007DA3F2 = {
			isa = PBXGroup;
			children = (
				756E4D7022088815009F3346 /* tessdata */,
				75978C69220885EC007DA3F2 /* ScanDictionary */,
				75978C68220885EC007DA3F2 /* Products */,
				2A4CA4B7CF6368CE7307B80B /* Pods */,
				3BBAE996434C1ED3FEEF4A4E /* Frameworks */,
			);
			sourceTree = "<group>";
		};
		75978C68220885EC007DA3F2 /* Products */ = {
			isa = PBXGroup;
			children = (
				75978C67220885EC007DA3F2 /* ScanDictionary.app */,
			);
			name = Products;
			sourceTree = "<group>";
		};
		75978C69220885EC007DA3F2 /* ScanDictionary */ = {
			isa = PBXGroup;
			children = (
				756E4D7C2211CE17009F3346 /* ScanDictionary.bundle.js */,
				75978C6A220885EC007DA3F2 /* AppDelegate.swift */,
				759008C02249CAE0008BB244 /* Camera.swift */,
				75978C6C220885EC007DA3F2 /* ViewController.swift */,
				759008C4224A8DF8008BB244 /* Views */,
				756E4D7A2211C396009F3346 /* WebScrapper.swift */,
				75454A6C221D9C4000099DAC /* DefinitionViewController.swift */,
				75978C6E220885EC007DA3F2 /* Main.storyboard */,
				75978C71220885ED007DA3F2 /* Assets.xcassets */,
				756E4D7822088AC7009F3346 /* vrkIj.png */,
				75978C73220885ED007DA3F2 /* LaunchScreen.storyboard */,
				75978C76220885ED007DA3F2 /* Info.plist */,
				759008C9224AB6E4008BB244 /* TakePhotoViewController.swift */,
			);
			path = ScanDictionary;
			sourceTree = "<group>";
		};
/* End PBXGroup section */

/* Begin PBXNativeTarget section */
		75978C66220885EC007DA3F2 /* ScanDictionary */ = {
			isa = PBXNativeTarget;
			buildConfigurationList = 75978C79220885ED007DA3F2 /* Build configuration list for PBXNativeTarget "ScanDictionary" */;
			buildPhases = (
				F4012F4E9E6CB6A068B37516 /* [CP] Check Pods Manifest.lock */,
				75978C63220885EC007DA3F2 /* Sources */,
				75978C64220885EC007DA3F2 /* Frameworks */,
				75978C65220885EC007DA3F2 /* Resources */,
				FE357486B1CEEBBA1E42FCE8 /* [CP] Embed Pods Frameworks */,
			);
			buildRules = (
			);
			dependencies = (
			);
			name = ScanDictionary;
			productName = ScanDictionary;
			productReference = 75978C67220885EC007DA3F2 /* ScanDictionary.app */;
			productType = "com.apple.product-type.application";
		};
/* End PBXNativeTarget section */

/* Begin PBXProject section */
		75978C5F220885EC007DA3F2 /* Project object */ = {
			isa = PBXProject;
			attributes = {
				LastSwiftUpdateCheck = 1010;
				LastUpgradeCheck = 1010;
				ORGANIZATIONNAME = "Matthew Shober";
				TargetAttributes = {
					75978C66220885EC007DA3F2 = {
						CreatedOnToolsVersion = 10.1;
					};
				};
			};
			buildConfigurationList = 75978C62220885EC007DA3F2 /* Build configuration list for PBXProject "ScanDictionary" */;
			compatibilityVersion = "Xcode 9.3";
			developmentRegion = en;
			hasScannedForEncodings = 0;
			knownRegions = (
				en,
				Base,
			);
			mainGroup = 75978C5E220885EC007DA3F2;
			productRefGroup = 75978C68220885EC007DA3F2 /* Products */;
			projectDirPath = "";
			projectRoot = "";
			targets = (
				75978C66220885EC007DA3F2 /* ScanDictionary */,
			);
		};
/* End PBXProject section */

/* Begin PBXResourcesBuildPhase section */
		75978C65220885EC007DA3F2 /* Resources */ = {
			isa = PBXResourcesBuildPhase;
			buildActionMask = 2147483647;
			files = (
				756E4D7D2211CE17009F3346 /* ScanDictionary.bundle.js in Resources */,
				75978C75220885ED007DA3F2 /* LaunchScreen.storyboard in Resources */,
				756E4D7122088815009F3346 /* tessdata in Resources */,
				756E4D7922088AC7009F3346 /* vrkIj.png in Resources */,
				75978C72220885ED007DA3F2 /* Assets.xcassets in Resources */,
				75978C70220885EC007DA3F2 /* Main.storyboard in Resources */,
			);
			runOnlyForDeploymentPostprocessing = 0;
		};
/* End PBXResourcesBuildPhase section */

/* Begin PBXShellScriptBuildPhase section */
		F4012F4E9E6CB6A068B37516 /* [CP] Check Pods Manifest.lock */ = {
			isa = PBXShellScriptBuildPhase;
			buildActionMask = 2147483647;
			files = (
			);
			inputFileListPaths = (
			);
			inputPaths = (
				"${PODS_PODFILE_DIR_PATH}/Podfile.lock",
				"${PODS_ROOT}/Manifest.lock",
			);
			name = "[CP] Check Pods Manifest.lock";
			outputFileListPaths = (
			);
			outputPaths = (
				"$(DERIVED_FILE_DIR)/Pods-ScanDictionary-checkManifestLockResult.txt",
			);
			runOnlyForDeploymentPostprocessing = 0;
			shellPath = /bin/sh;
			shellScript = "diff \"${PODS_PODFILE_DIR_PATH}/Podfile.lock\" \"${PODS_ROOT}/Manifest.lock\" > /dev/null\nif [ $? != 0 ] ; then\n    # print error to STDERR\n    echo \"error: The sandbox is not in sync with the Podfile.lock. Run 'pod install' or update your CocoaPods installation.\" >&2\n    exit 1\nfi\n# This output is used by Xcode 'outputs' to avoid re-running this script phase.\necho \"SUCCESS\" > \"${SCRIPT_OUTPUT_FILE_0}\"\n";
			showEnvVarsInLog = 0;
		};
		FE357486B1CEEBBA1E42FCE8 /* [CP] Embed Pods Frameworks */ = {
			isa = PBXShellScriptBuildPhase;
			buildActionMask = 2147483647;
			files = (
			);
			inputFileListPaths = (
			);
			inputPaths = (
				"${PODS_ROOT}/Target Support Files/Pods-ScanDictionary/Pods-ScanDictionary-frameworks.sh",
				"${BUILT_PRODUCTS_DIR}/GPUImage/GPUImage.framework",
				"${BUILT_PRODUCTS_DIR}/TesseractOCRiOS/TesseractOCR.framework",
			);
			name = "[CP] Embed Pods Frameworks";
			outputFileListPaths = (
			);
			outputPaths = (
				"${TARGET_BUILD_DIR}/${FRAMEWORKS_FOLDER_PATH}/GPUImage.framework",
				"${TARGET_BUILD_DIR}/${FRAMEWORKS_FOLDER_PATH}/TesseractOCR.framework",
			);
			runOnlyForDeploymentPostprocessing = 0;
			shellPath = /bin/sh;
			shellScript = "\"${PODS_ROOT}/Target Support Files/Pods-ScanDictionary/Pods-ScanDictionary-frameworks.sh\"\n";
			showEnvVarsInLog = 0;
		};
/* End PBXShellScriptBuildPhase section */

/* Begin PBXSourcesBuildPhase section */
		75978C63220885EC007DA3F2 /* Sources */ = {
			isa = PBXSourcesBuildPhase;
			buildActionMask = 2147483647;
			files = (
				756E4D7B2211C396009F3346 /* WebScrapper.swift in Sources */,
				759008C12249CAE0008BB244 /* Camera.swift in Sources */,
				759008C32249CD81008BB244 /* ScopeView.swift in Sources */,
				759008CA224AB6E4008BB244 /* TakePhotoViewController.swift in Sources */,
				759008C6224A8E37008BB244 /* CameraPreview.swift in Sources */,
				75454A6D221D9C4000099DAC /* DefinitionViewController.swift in Sources */,
				75978C6D220885EC007DA3F2 /* ViewController.swift in Sources */,
				75978C6B220885EC007DA3F2 /* AppDelegate.swift in Sources */,
				759008CE224BB1DD008BB244 /* ProgressView.swift in Sources */,
			);
			runOnlyForDeploymentPostprocessing = 0;
		};
/* End PBXSourcesBuildPhase section */

/* Begin PBXVariantGroup section */
		75978C6E220885EC007DA3F2 /* Main.storyboard */ = {
			isa = PBXVariantGroup;
			children = (
				75978C6F220885EC007DA3F2 /* Base */,
			);
			name = Main.storyboard;
			sourceTree = "<group>";
		};
		75978C73220885ED007DA3F2 /* LaunchScreen.storyboard */ = {
			isa = PBXVariantGroup;
			children = (
				75978C74220885ED007DA3F2 /* Base */,
			);
			name = LaunchScreen.storyboard;
			sourceTree = "<group>";
		};
/* End PBXVariantGroup section */

/* Begin XCBuildConfiguration section */
		75978C77220885ED007DA3F2 /* Debug */ = {
			isa = XCBuildConfiguration;
			buildSettings = {
				ALWAYS_SEARCH_USER_PATHS = NO;
				CLANG_ANALYZER_NONNULL = YES;
				CLANG_ANALYZER_NUMBER_OBJECT_CONVERSION = YES_AGGRESSIVE;
				CLANG_CXX_LANGUAGE_STANDARD = "gnu++14";
				CLANG_CXX_LIBRARY = "libc++";
				CLANG_ENABLE_MODULES = YES;
				CLANG_ENABLE_OBJC_ARC = YES;
				CLANG_ENABLE_OBJC_WEAK = YES;
				CLANG_WARN_BLOCK_CAPTURE_AUTORELEASING = YES;
				CLANG_WARN_BOOL_CONVERSION = YES;
				CLANG_WARN_COMMA = YES;
				CLANG_WARN_CONSTANT_CONVERSION = YES;
				CLANG_WARN_DEPRECATED_OBJC_IMPLEMENTATIONS = YES;
				CLANG_WARN_DIRECT_OBJC_ISA_USAGE = YES_ERROR;
				CLANG_WARN_DOCUMENTATION_COMMENTS = YES;
				CLANG_WARN_EMPTY_BODY = YES;
				CLANG_WARN_ENUM_CONVERSION = YES;
				CLANG_WARN_INFINITE_RECURSION = YES;
				CLANG_WARN_INT_CONVERSION = YES;
				CLANG_WARN_NON_LITERAL_NULL_CONVERSION = YES;
				CLANG_WARN_OBJC_IMPLICIT_RETAIN_SELF = YES;
				CLANG_WARN_OBJC_LITERAL_CONVERSION = YES;
				CLANG_WARN_OBJC_ROOT_CLASS = YES_ERROR;
				CLANG_WARN_RANGE_LOOP_ANALYSIS = YES;
				CLANG_WARN_STRICT_PROTOTYPES = YES;
				CLANG_WARN_SUSPICIOUS_MOVE = YES;
				CLANG_WARN_UNGUARDED_AVAILABILITY = YES_AGGRESSIVE;
				CLANG_WARN_UNREACHABLE_CODE = YES;
				CLANG_WARN__DUPLICATE_METHOD_MATCH = YES;
				CODE_SIGN_IDENTITY = "iPhone Developer";
				COPY_PHASE_STRIP = NO;
				DEBUG_INFORMATION_FORMAT = dwarf;
				ENABLE_STRICT_OBJC_MSGSEND = YES;
				ENABLE_TESTABILITY = YES;
				GCC_C_LANGUAGE_STANDARD = gnu11;
				GCC_DYNAMIC_NO_PIC = NO;
				GCC_NO_COMMON_BLOCKS = YES;
				GCC_OPTIMIZATION_LEVEL = 0;
				GCC_PREPROCESSOR_DEFINITIONS = (
					"DEBUG=1",
					"$(inherited)",
				);
				GCC_WARN_64_TO_32_BIT_CONVERSION = YES;
				GCC_WARN_ABOUT_RETURN_TYPE = YES_ERROR;
				GCC_WARN_UNDECLARED_SELECTOR = YES;
				GCC_WARN_UNINITIALIZED_AUTOS = YES_AGGRESSIVE;
				GCC_WARN_UNUSED_FUNCTION = YES;
				GCC_WARN_UNUSED_VARIABLE = YES;
				IPHONEOS_DEPLOYMENT_TARGET = 12.1;
				MTL_ENABLE_DEBUG_INFO = INCLUDE_SOURCE;
				MTL_FAST_MATH = YES;
				ONLY_ACTIVE_ARCH = YES;
				SDKROOT = iphoneos;
				SWIFT_ACTIVE_COMPILATION_CONDITIONS = DEBUG;
				SWIFT_OPTIMIZATION_LEVEL = "-Onone";
			};
			name = Debug;
		};
		75978C78220885ED007DA3F2 /* Release */ = {
			isa = XCBuildConfiguration;
			buildSettings = {
				ALWAYS_SEARCH_USER_PATHS = NO;
				CLANG_ANALYZER_NONNULL = YES;
				CLANG_ANALYZER_NUMBER_OBJECT_CONVERSION = YES_AGGRESSIVE;
				CLANG_CXX_LANGUAGE_STANDARD = "gnu++14";
				CLANG_CXX_LIBRARY = "libc++";
				CLANG_ENABLE_MODULES = YES;
				CLANG_ENABLE_OBJC_ARC = YES;
				CLANG_ENABLE_OBJC_WEAK = YES;
				CLANG_WARN_BLOCK_CAPTURE_AUTORELEASING = YES;
				CLANG_WARN_BOOL_CONVERSION = YES;
				CLANG_WARN_COMMA = YES;
				CLANG_WARN_CONSTANT_CONVERSION = YES;
				CLANG_WARN_DEPRECATED_OBJC_IMPLEMENTATIONS = YES;
				CLANG_WARN_DIRECT_OBJC_ISA_USAGE = YES_ERROR;
				CLANG_WARN_DOCUMENTATION_COMMENTS = YES;
				CLANG_WARN_EMPTY_BODY = YES;
				CLANG_WARN_ENUM_CONVERSION = YES;
				CLANG_WARN_INFINITE_RECURSION = YES;
				CLANG_WARN_INT_CONVERSION = YES;
				CLANG_WARN_NON_LITERAL_NULL_CONVERSION = YES;
				CLANG_WARN_OBJC_IMPLICIT_RETAIN_SELF = YES;
				CLANG_WARN_OBJC_LITERAL_CONVERSION = YES;
				CLANG_WARN_OBJC_ROOT_CLASS = YES_ERROR;
				CLANG_WARN_RANGE_LOOP_ANALYSIS = YES;
				CLANG_WARN_STRICT_PROTOTYPES = YES;
				CLANG_WARN_SUSPICIOUS_MOVE = YES;
				CLANG_WARN_UNGUARDED_AVAILABILITY = YES_AGGRESSIVE;
				CLANG_WARN_UNREACHABLE_CODE = YES;
				CLANG_WARN__DUPLICATE_METHOD_MATCH = YES;
				CODE_SIGN_IDENTITY = "iPhone Developer";
				COPY_PHASE_STRIP = NO;
				DEBUG_INFORMATION_FORMAT = "dwarf-with-dsym";
				ENABLE_NS_ASSERTIONS = NO;
				ENABLE_STRICT_OBJC_MSGSEND = YES;
				GCC_C_LANGUAGE_STANDARD = gnu11;
				GCC_NO_COMMON_BLOCKS = YES;
				GCC_WARN_64_TO_32_BIT_CONVERSION = YES;
				GCC_WARN_ABOUT_RETURN_TYPE = YES_ERROR;
				GCC_WARN_UNDECLARED_SELECTOR = YES;
				GCC_WARN_UNINITIALIZED_AUTOS = YES_AGGRESSIVE;
				GCC_WARN_UNUSED_FUNCTION = YES;
				GCC_WARN_UNUSED_VARIABLE = YES;
				IPHONEOS_DEPLOYMENT_TARGET = 12.1;
				MTL_ENABLE_DEBUG_INFO = NO;
				MTL_FAST_MATH = YES;
				SDKROOT = iphoneos;
				SWIFT_COMPILATION_MODE = wholemodule;
				SWIFT_OPTIMIZATION_LEVEL = "-O";
				VALIDATE_PRODUCT = YES;
			};
			name = Release;
		};
		75978C7A220885ED007DA3F2 /* Debug */ = {
			isa = XCBuildConfiguration;
			baseConfigurationReference = C7E172CE425B7F2555087F8A /* Pods-ScanDictionary.debug.xcconfig */;
			buildSettings = {
				ASSETCATALOG_COMPILER_APPICON_NAME = AppIcon;
				CODE_SIGN_IDENTITY = "iPhone Developer";
				CODE_SIGN_STYLE = Automatic;
				DEVELOPMENT_TEAM = JT75263PR3;
				ENABLE_BITCODE = NO;
				INFOPLIST_FILE = ScanDictionary/Info.plist;
				LD_RUNPATH_SEARCH_PATHS = (
					"$(inherited)",
					"@executable_path/Frameworks",
				);
				PRODUCT_BUNDLE_IDENTIFIER = com.mshober.ScanDictionary;
				PRODUCT_NAME = "$(TARGET_NAME)";
				PROVISIONING_PROFILE_SPECIFIER = "";
				SWIFT_VERSION = 4.2;
				TARGETED_DEVICE_FAMILY = 1;
			};
			name = Debug;
		};
		75978C7B220885ED007DA3F2 /* Release */ = {
			isa = XCBuildConfiguration;
			baseConfigurationReference = 4DF3FAD9CF6B1604F727346C /* Pods-ScanDictionary.release.xcconfig */;
			buildSettings = {
				ASSETCATALOG_COMPILER_APPICON_NAME = AppIcon;
				CODE_SIGN_IDENTITY = "iPhone Developer";
				CODE_SIGN_STYLE = Automatic;
				DEVELOPMENT_TEAM = JT75263PR3;
				ENABLE_BITCODE = NO;
				INFOPLIST_FILE = ScanDictionary/Info.plist;
				LD_RUNPATH_SEARCH_PATHS = (
					"$(inherited)",
					"@executable_path/Frameworks",
				);
				PRODUCT_BUNDLE_IDENTIFIER = com.mshober.ScanDictionary;
				PRODUCT_NAME = "$(TARGET_NAME)";
				PROVISIONING_PROFILE_SPECIFIER = "";
				SWIFT_VERSION = 4.2;
				TARGETED_DEVICE_FAMILY = 1;
			};
			name = Release;
		};
/* End XCBuildConfiguration section */

/* Begin XCConfigurationList section */
		75978C62220885EC007DA3F2 /* Build configuration list for PBXProject "ScanDictionary" */ = {
			isa = XCConfigurationList;
			buildConfigurations = (
				75978C77220885ED007DA3F2 /* Debug */,
				75978C78220885ED007DA3F2 /* Release */,
			);
			defaultConfigurationIsVisible = 0;
			defaultConfigurationName = Release;
		};
		75978C79220885ED007DA3F2 /* Build configuration list for PBXNativeTarget "ScanDictionary" */ = {
			isa = XCConfigurationList;
			buildConfigurations = (
				75978C7A220885ED007DA3F2 /* Debug */,
				75978C7B220885ED007DA3F2 /* Release */,
			);
			defaultConfigurationIsVisible = 0;
			defaultConfigurationName = Release;
		};
/* End XCConfigurationList section */
	};
	rootObject = 75978C5F220885EC007DA3F2 /* Project object */;
}
